
Microsoft Visual Studio Solution File, Format Version 12.00
# Visual Studio Version 16
VisualStudioVersion = 16.0.31205.134
MinimumVisualStudioVersion = 10.0.40219.1
Project("{9A19103F-16F7-4668-BE54-9A1E7A4F7556}") = "DVS.Core", "DVS.Core\DVS.Core.csproj", "{5D444CB5-8319-4A00-AB83-0D6764057C3D}"
EndProject
Project("{2150E333-8FDC-42A3-9474-1A3956D46DE8}") = "Services", "Services", "{9F6F33CA-C1EB-4DE1-ABC7-5687B5CBB189}"
EndProject
Project("{9A19103F-16F7-4668-BE54-9A1E7A4F7556}") = "DVS.Village.Api", "Services\DVS.Village.Api\DVS.Village.Api.csproj", "{D2682F25-4817-4A09-B971-0F6135D16AB6}"
EndProject
Project("{9A19103F-16F7-4668-BE54-9A1E7A4F7556}") = "DVS.Swagger", "Services\DVS.Swagger\DVS.Swagger.csproj", "{71AFB5D2-4D0D-42BA-905E-EC9597EEA148}"
EndProject
Project("{9A19103F-16F7-4668-BE54-9A1E7A4F7556}") = "DVS.Application", "DVS.Application\DVS.Application.csproj", "{D7B47423-5045-4BB4-8A67-CB291F4A2258}"
EndProject
Project("{9A19103F-16F7-4668-BE54-9A1E7A4F7556}") = "DVS.Cons.Api", "Services\DVS.Cons.Api\DVS.Cons.Api.csproj", "{F7ECA22D-AD74-4391-B104-8340FE944CE7}"
EndProject
Project("{9A19103F-16F7-4668-BE54-9A1E7A4F7556}") = "DVS.SunFSAgent.Api", "DVS.SunFSAgent\DVS.SunFSAgent.Api.csproj", "{AA327F30-9690-4523-9167-36A3CF28D4D5}"
EndProject
Project("{9A19103F-16F7-4668-BE54-9A1E7A4F7556}") = "DVS.Common", "DVS.Common\DVS.Common.csproj", "{165FE97C-D890-48DC-8197-8376B3389E03}"
EndProject
Project("{9A19103F-16F7-4668-BE54-9A1E7A4F7556}") = "DVS.Models", "DVS.Models\DVS.Models.csproj", "{8C8AC6A0-D9D8-4A12-B152-87B29347F563}"
EndProject
Project("{9A19103F-16F7-4668-BE54-9A1E7A4F7556}") = "DVS.GIS.Api", "Services\DVS.GIS.Api\DVS.GIS.Api.csproj", "{6F733742-09F9-4F48-8EFE-7F6275B05E33}"
EndProject
Project("{9A19103F-16F7-4668-BE54-9A1E7A4F7556}") = "DVS.Common.Api", "DVS.Common.Api\DVS.Common.Api.csproj", "{EF20346E-836F-4283-9CD8-4C4EA00FCE89}"
EndProject
Project("{9A19103F-16F7-4668-BE54-9A1E7A4F7556}") = "MediaTransformtor", "MediaTransformtor\MediaTransformtor.csproj", "{215C4939-D4B4-44DC-B6CF-F7E184FD4B39}"
EndProject
Project("{9A19103F-16F7-4668-BE54-9A1E7A4F7556}") = "DVS.Open.Api", "DVS.Open.Api\DVS.Open.Api.csproj", "{B16A905F-F399-466B-918B-3E201BB12812}"
EndProject
Project("{9A19103F-16F7-4668-BE54-9A1E7A4F7556}") = "DVS.IPS.Api", "DVS.IPS.Api\DVS.IPS.Api.csproj", "{7D5CBAA9-8191-4AF3-97F2-EA8FDD3077E6}"
EndProject
Project("{FAE04EC0-301F-11D3-BF4B-00C04F79EFBC}") = "DVS.FFP.Api", "DVS.FFP.Api\DVS.FFP.Api.csproj", "{083B4D6C-9F4D-4B3D-907A-CF728651E90B}"
EndProject
Global
	GlobalSection(SolutionConfigurationPlatforms) = preSolution
		Debug|Any CPU = Debug|Any CPU
		Release|Any CPU = Release|Any CPU
	EndGlobalSection
	GlobalSection(ProjectConfigurationPlatforms) = postSolution
		{5D444CB5-8319-4A00-AB83-0D6764057C3D}.Debug|Any CPU.ActiveCfg = Debug|Any CPU
		{5D444CB5-8319-4A00-AB83-0D6764057C3D}.Debug|Any CPU.Build.0 = Debug|Any CPU
		{5D444CB5-8319-4A00-AB83-0D6764057C3D}.Release|Any CPU.ActiveCfg = Release|Any CPU
		{5D444CB5-8319-4A00-AB83-0D6764057C3D}.Release|Any CPU.Build.0 = Release|Any CPU
		{D2682F25-4817-4A09-B971-0F6135D16AB6}.Debug|Any CPU.ActiveCfg = Debug|Any CPU
		{D2682F25-4817-4A09-B971-0F6135D16AB6}.Debug|Any CPU.Build.0 = Debug|Any CPU
		{D2682F25-4817-4A09-B971-0F6135D16AB6}.Release|Any CPU.ActiveCfg = Release|Any CPU
		{D2682F25-4817-4A09-B971-0F6135D16AB6}.Release|Any CPU.Build.0 = Release|Any CPU
		{71AFB5D2-4D0D-42BA-905E-EC9597EEA148}.Debug|Any CPU.ActiveCfg = Debug|Any CPU
		{71AFB5D2-4D0D-42BA-905E-EC9597EEA148}.Debug|Any CPU.Build.0 = Debug|Any CPU
		{71AFB5D2-4D0D-42BA-905E-EC9597EEA148}.Release|Any CPU.ActiveCfg = Release|Any CPU
		{71AFB5D2-4D0D-42BA-905E-EC9597EEA148}.Release|Any CPU.Build.0 = Release|Any CPU
		{D7B47423-5045-4BB4-8A67-CB291F4A2258}.Debug|Any CPU.ActiveCfg = Debug|Any CPU
		{D7B47423-5045-4BB4-8A67-CB291F4A2258}.Debug|Any CPU.Build.0 = Debug|Any CPU
		{D7B47423-5045-4BB4-8A67-CB291F4A2258}.Release|Any CPU.ActiveCfg = Release|Any CPU
		{D7B47423-5045-4BB4-8A67-CB291F4A2258}.Release|Any CPU.Build.0 = Release|Any CPU
		{F7ECA22D-AD74-4391-B104-8340FE944CE7}.Debug|Any CPU.ActiveCfg = Debug|Any CPU
		{F7ECA22D-AD74-4391-B104-8340FE944CE7}.Debug|Any CPU.Build.0 = Debug|Any CPU
		{F7ECA22D-AD74-4391-B104-8340FE944CE7}.Release|Any CPU.ActiveCfg = Release|Any CPU
		{F7ECA22D-AD74-4391-B104-8340FE944CE7}.Release|Any CPU.Build.0 = Release|Any CPU
		{AA327F30-9690-4523-9167-36A3CF28D4D5}.Debug|Any CPU.ActiveCfg = Debug|Any CPU
		{AA327F30-9690-4523-9167-36A3CF28D4D5}.Debug|Any CPU.Build.0 = Debug|Any CPU
		{AA327F30-9690-4523-9167-36A3CF28D4D5}.Release|Any CPU.ActiveCfg = Release|Any CPU
		{AA327F30-9690-4523-9167-36A3CF28D4D5}.Release|Any CPU.Build.0 = Release|Any CPU
		{165FE97C-D890-48DC-8197-8376B3389E03}.Debug|Any CPU.ActiveCfg = Debug|Any CPU
		{165FE97C-D890-48DC-8197-8376B3389E03}.Debug|Any CPU.Build.0 = Debug|Any CPU
		{165FE97C-D890-48DC-8197-8376B3389E03}.Release|Any CPU.ActiveCfg = Release|Any CPU
		{165FE97C-D890-48DC-8197-8376B3389E03}.Release|Any CPU.Build.0 = Release|Any CPU
		{8C8AC6A0-D9D8-4A12-B152-87B29347F563}.Debug|Any CPU.ActiveCfg = Debug|Any CPU
		{8C8AC6A0-D9D8-4A12-B152-87B29347F563}.Debug|Any CPU.Build.0 = Debug|Any CPU
		{8C8AC6A0-D9D8-4A12-B152-87B29347F563}.Release|Any CPU.ActiveCfg = Release|Any CPU
		{8C8AC6A0-D9D8-4A12-B152-87B29347F563}.Release|Any CPU.Build.0 = Release|Any CPU
		{6F733742-09F9-4F48-8EFE-7F6275B05E33}.Debug|Any CPU.ActiveCfg = Debug|Any CPU
		{6F733742-09F9-4F48-8EFE-7F6275B05E33}.Debug|Any CPU.Build.0 = Debug|Any CPU
		{6F733742-09F9-4F48-8EFE-7F6275B05E33}.Release|Any CPU.ActiveCfg = Release|Any CPU
		{6F733742-09F9-4F48-8EFE-7F6275B05E33}.Release|Any CPU.Build.0 = Release|Any CPU
		{EF20346E-836F-4283-9CD8-4C4EA00FCE89}.Debug|Any CPU.ActiveCfg = Debug|Any CPU
		{EF20346E-836F-4283-9CD8-4C4EA00FCE89}.Debug|Any CPU.Build.0 = Debug|Any CPU
		{EF20346E-836F-4283-9CD8-4C4EA00FCE89}.Release|Any CPU.ActiveCfg = Release|Any CPU
		{EF20346E-836F-4283-9CD8-4C4EA00FCE89}.Release|Any CPU.Build.0 = Release|Any CPU
		{215C4939-D4B4-44DC-B6CF-F7E184FD4B39}.Debug|Any CPU.ActiveCfg = Debug|Any CPU
		{215C4939-D4B4-44DC-B6CF-F7E184FD4B39}.Debug|Any CPU.Build.0 = Debug|Any CPU
		{215C4939-D4B4-44DC-B6CF-F7E184FD4B39}.Release|Any CPU.ActiveCfg = Release|Any CPU
		{215C4939-D4B4-44DC-B6CF-F7E184FD4B39}.Release|Any CPU.Build.0 = Release|Any CPU
		{B16A905F-F399-466B-918B-3E201BB12812}.Debug|Any CPU.ActiveCfg = Debug|Any CPU
		{B16A905F-F399-466B-918B-3E201BB12812}.Debug|Any CPU.Build.0 = Debug|Any CPU
		{B16A905F-F399-466B-918B-3E201BB12812}.Release|Any CPU.ActiveCfg = Release|Any CPU
		{B16A905F-F399-466B-918B-3E201BB12812}.Release|Any CPU.Build.0 = Release|Any CPU
		{7D5CBAA9-8191-4AF3-97F2-EA8FDD3077E6}.Debug|Any CPU.ActiveCfg = Debug|Any CPU
		{7D5CBAA9-8191-4AF3-97F2-EA8FDD3077E6}.Debug|Any CPU.Build.0 = Debug|Any CPU
		{7D5CBAA9-8191-4AF3-97F2-EA8FDD3077E6}.Release|Any CPU.ActiveCfg = Release|Any CPU
		{7D5CBAA9-8191-4AF3-97F2-EA8FDD3077E6}.Release|Any CPU.Build.0 = Release|Any CPU
		{083B4D6C-9F4D-4B3D-907A-CF728651E90B}.Debug|Any CPU.ActiveCfg = Debug|Any CPU
		{083B4D6C-9F4D-4B3D-907A-CF728651E90B}.Debug|Any CPU.Build.0 = Debug|Any CPU
		{083B4D6C-9F4D-4B3D-907A-CF728651E90B}.Release|Any CPU.ActiveCfg = Release|Any CPU
		{083B4D6C-9F4D-4B3D-907A-CF728651E90B}.Release|Any CPU.Build.0 = Release|Any CPU
	EndGlobalSection
	GlobalSection(SolutionProperties) = preSolution
		HideSolutionNode = FALSE
	EndGlobalSection
	GlobalSection(NestedProjects) = preSolution
		{D2682F25-4817-4A09-B971-0F6135D16AB6} = {9F6F33CA-C1EB-4DE1-ABC7-5687B5CBB189}
		{71AFB5D2-4D0D-42BA-905E-EC9597EEA148} = {9F6F33CA-C1EB-4DE1-ABC7-5687B5CBB189}
		{F7ECA22D-AD74-4391-B104-8340FE944CE7} = {9F6F33CA-C1EB-4DE1-ABC7-5687B5CBB189}
		{AA327F30-9690-4523-9167-36A3CF28D4D5} = {9F6F33CA-C1EB-4DE1-ABC7-5687B5CBB189}
		{6F733742-09F9-4F48-8EFE-7F6275B05E33} = {9F6F33CA-C1EB-4DE1-ABC7-5687B5CBB189}
		{EF20346E-836F-4283-9CD8-4C4EA00FCE89} = {9F6F33CA-C1EB-4DE1-ABC7-5687B5CBB189}
		{215C4939-D4B4-44DC-B6CF-F7E184FD4B39} = {9F6F33CA-C1EB-4DE1-ABC7-5687B5CBB189}
		{B16A905F-F399-466B-918B-3E201BB12812} = {9F6F33CA-C1EB-4DE1-ABC7-5687B5CBB189}
		{7D5CBAA9-8191-4AF3-97F2-EA8FDD3077E6} = {9F6F33CA-C1EB-4DE1-ABC7-5687B5CBB189}
		{083B4D6C-9F4D-4B3D-907A-CF728651E90B} = {9F6F33CA-C1EB-4DE1-ABC7-5687B5CBB189}
	EndGlobalSection
	GlobalSection(ExtensibilityGlobals) = postSolution
		SolutionGuid = {139D64A2-83E8-41DF-9463-4695F32BFA4F}
	EndGlobalSection
EndGlobal
